
Microsoft Visual Studio Solution File, Format Version 12.00
# Visual Studio Version 16
VisualStudioVersion = 16.0.31129.286
MinimumVisualStudioVersion = 10.0.40219.1
Project("{FAE04EC0-301F-11D3-BF4B-00C04F79EFBC}") = "DeckOfCards", "DeckOfCards\DeckOfCards.csproj", "{D630469A-D578-4D5D-B707-E32107CD4F40}"
EndProject
Project("{FAE04EC0-301F-11D3-BF4B-00C04F79EFBC}") = "EncapsulationLecture", "EncapsulationLecture\EncapsulationLecture.csproj", "{0F816BB8-9B90-4892-8F29-3F175655EF25}"
EndProject
Global
	GlobalSection(SolutionConfigurationPlatforms) = preSolution
		Debug|Any CPU = Debug|Any CPU
		Release|Any CPU = Release|Any CPU
	EndGlobalSection
	GlobalSection(ProjectConfigurationPlatforms) = postSolution
		{D630469A-D578-4D5D-B707-E32107CD4F40}.Debug|Any CPU.ActiveCfg = Debug|Any CPU
		{D630469A-D578-4D5D-B707-E32107CD4F40}.Debug|Any CPU.Build.0 = Debug|Any CPU
		{D630469A-D578-4D5D-B707-E32107CD4F40}.Release|Any CPU.ActiveCfg = Release|Any CPU
		{D630469A-D578-4D5D-B707-E32107CD4F40}.Release|Any CPU.Build.0 = Release|Any CPU
		{0F816BB8-9B90-4892-8F29-3F175655EF25}.Debug|Any CPU.ActiveCfg = Debug|Any CPU
		{0F816BB8-9B90-4892-8F29-3F175655EF25}.Debug|Any CPU.Build.0 = Debug|Any CPU
		{0F816BB8-9B90-4892-8F29-3F175655EF25}.Release|Any CPU.ActiveCfg = Release|Any CPU
		{0F816BB8-9B90-4892-8F29-3F175655EF25}.Release|Any CPU.Build.0 = Release|Any CPU
	EndGlobalSection
	GlobalSection(SolutionProperties) = preSolution
		HideSolutionNode = FALSE
	EndGlobalSection
	GlobalSection(ExtensibilityGlobals) = postSolution
		SolutionGuid = {7A1A7757-F7CA-4901-AD62-F96283D1DBD9}
	EndGlobalSection
EndGlobal
