
Microsoft Visual Studio Solution File, Format Version 12.00
# Visual Studio Version 16
VisualStudioVersion = 16.0.30621.155
MinimumVisualStudioVersion = 10.0.40219.1
Project("{9A19103F-16F7-4668-BE54-9A1E7A4F7556}") = "Exercises", "Exercises\Exercises.csproj", "{8462B8E7-A1C6-4670-8FEC-1A5F8A55DBB9}"
EndProject
Project("{9A19103F-16F7-4668-BE54-9A1E7A4F7556}") = "Exercises.Tests", "Exercises.Tests\Exercises.Tests.csproj", "{BD442045-2721-428C-BE2C-63102D4730DF}"
EndProject
Global
	GlobalSection(SolutionConfigurationPlatforms) = preSolution
		Debug|Any CPU = Debug|Any CPU
		Release|Any CPU = Release|Any CPU
	EndGlobalSection
	GlobalSection(ProjectConfigurationPlatforms) = postSolution
		{8462B8E7-A1C6-4670-8FEC-1A5F8A55DBB9}.Debug|Any CPU.ActiveCfg = Debug|Any CPU
		{8462B8E7-A1C6-4670-8FEC-1A5F8A55DBB9}.Debug|Any CPU.Build.0 = Debug|Any CPU
		{8462B8E7-A1C6-4670-8FEC-1A5F8A55DBB9}.Release|Any CPU.ActiveCfg = Release|Any CPU
		{8462B8E7-A1C6-4670-8FEC-1A5F8A55DBB9}.Release|Any CPU.Build.0 = Release|Any CPU
		{BD442045-2721-428C-BE2C-63102D4730DF}.Debug|Any CPU.ActiveCfg = Debug|Any CPU
		{BD442045-2721-428C-BE2C-63102D4730DF}.Debug|Any CPU.Build.0 = Debug|Any CPU
		{BD442045-2721-428C-BE2C-63102D4730DF}.Release|Any CPU.ActiveCfg = Release|Any CPU
		{BD442045-2721-428C-BE2C-63102D4730DF}.Release|Any CPU.Build.0 = Release|Any CPU
	EndGlobalSection
	GlobalSection(SolutionProperties) = preSolution
		HideSolutionNode = FALSE
	EndGlobalSection
	GlobalSection(ExtensibilityGlobals) = postSolution
		SolutionGuid = {057BA94D-84E3-4C73-BE96-B22C2007ADEB}
	EndGlobalSection
EndGlobal
